
Microsoft Visual Studio Solution File, Format Version 12.00
# Visual Studio Version 16
VisualStudioVersion = 16.0.31729.503
MinimumVisualStudioVersion = 10.0.40219.1
Project("{FAE04EC0-301F-11D3-BF4B-00C04F79EFBC}") = "GenerateDorukReport", "GenerateDorukReport\GenerateDorukReport.csproj", "{2995284D-20DD-4B80-8F41-04181023A693}"
EndProject
Global
	GlobalSection(SolutionConfigurationPlatforms) = preSolution
		Debug|Any CPU = Debug|Any CPU
		Release|Any CPU = Release|Any CPU
	EndGlobalSection
	GlobalSection(ProjectConfigurationPlatforms) = postSolution
		{2995284D-20DD-4B80-8F41-04181023A693}.Debug|Any CPU.ActiveCfg = Debug|Any CPU
		{2995284D-20DD-4B80-8F41-04181023A693}.Debug|Any CPU.Build.0 = Debug|Any CPU
		{2995284D-20DD-4B80-8F41-04181023A693}.Release|Any CPU.ActiveCfg = Release|Any CPU
		{2995284D-20DD-4B80-8F41-04181023A693}.Release|Any CPU.Build.0 = Release|Any CPU
	EndGlobalSection
	GlobalSection(SolutionProperties) = preSolution
		HideSolutionNode = FALSE
	EndGlobalSection
	GlobalSection(ExtensibilityGlobals) = postSolution
		SolutionGuid = {73D83A30-9EAF-4AE5-9444-8B3B4898A329}
	EndGlobalSection
EndGlobal
